
Microsoft Visual Studio Solution File, Format Version 12.00
# Visual Studio Version 16
VisualStudioVersion = 16.0.31112.23
MinimumVisualStudioVersion = 10.0.40219.1
Project("{9A19103F-16F7-4668-BE54-9A1E7A4F7556}") = "MicroinvestExamP.01", "MicroinvestExamP.01.csproj", "{4B0429FF-AFAD-4B6E-B103-DE40C2F242A1}"
EndProject
Project("{9A19103F-16F7-4668-BE54-9A1E7A4F7556}") = "MicroinvesExamP.02", "..\MicroinvesExamP.02\MicroinvesExamP.02.csproj", "{B605284A-AEE9-45F2-9E07-E016F26A3E2F}"
EndProject
Project("{FAE04EC0-301F-11D3-BF4B-00C04F79EFBC}") = "MicroinvestExamP.03", "..\MicroinvestP.03\MicroinvestExamP.03.csproj", "{FB7557F1-357A-4B76-A899-25F832279144}"
EndProject
Global
	GlobalSection(SolutionConfigurationPlatforms) = preSolution
		Debug|Any CPU = Debug|Any CPU
		Release|Any CPU = Release|Any CPU
	EndGlobalSection
	GlobalSection(ProjectConfigurationPlatforms) = postSolution
		{4B0429FF-AFAD-4B6E-B103-DE40C2F242A1}.Debug|Any CPU.ActiveCfg = Debug|Any CPU
		{4B0429FF-AFAD-4B6E-B103-DE40C2F242A1}.Debug|Any CPU.Build.0 = Debug|Any CPU
		{4B0429FF-AFAD-4B6E-B103-DE40C2F242A1}.Release|Any CPU.ActiveCfg = Release|Any CPU
		{4B0429FF-AFAD-4B6E-B103-DE40C2F242A1}.Release|Any CPU.Build.0 = Release|Any CPU
		{B605284A-AEE9-45F2-9E07-E016F26A3E2F}.Debug|Any CPU.ActiveCfg = Debug|Any CPU
		{B605284A-AEE9-45F2-9E07-E016F26A3E2F}.Debug|Any CPU.Build.0 = Debug|Any CPU
		{B605284A-AEE9-45F2-9E07-E016F26A3E2F}.Release|Any CPU.ActiveCfg = Release|Any CPU
		{B605284A-AEE9-45F2-9E07-E016F26A3E2F}.Release|Any CPU.Build.0 = Release|Any CPU
		{FB7557F1-357A-4B76-A899-25F832279144}.Debug|Any CPU.ActiveCfg = Debug|Any CPU
		{FB7557F1-357A-4B76-A899-25F832279144}.Debug|Any CPU.Build.0 = Debug|Any CPU
		{FB7557F1-357A-4B76-A899-25F832279144}.Release|Any CPU.ActiveCfg = Release|Any CPU
		{FB7557F1-357A-4B76-A899-25F832279144}.Release|Any CPU.Build.0 = Release|Any CPU
	EndGlobalSection
	GlobalSection(SolutionProperties) = preSolution
		HideSolutionNode = FALSE
	EndGlobalSection
	GlobalSection(ExtensibilityGlobals) = postSolution
		SolutionGuid = {81D0E4D2-24CC-4A71-801B-FC5C5C6341E0}
	EndGlobalSection
EndGlobal
